{
  "name": "test",
  "version": "1.0.0",
  "lockfileVersion": 1,
  "requires": true,
  "dependencies": {
    "axios": {
      "version": "0.21.1",
      "resolved": "https://registry.npmjs.org/axios/-/axios-0.21.1.tgz",
      "integrity": "sha512-dKQiRHxGD9PPRIUNIWvZhPTPpl1rf/OxTYKsqKUDjBwYylTvV7SjSHJb9ratfyzM6wCdLCOYLzs73qpg5c4iGA==",
      "requires": {
        "follow-redirects": "^1.10.0"
      }
    },
    "binary-parser": {
      "version": "1.6.1",
      "resolved": "https://registry.npmjs.org/binary-parser/-/binary-parser-1.6.1.tgz",
      "integrity": "sha512-/MCZKC3JNcY9+7oxS3alTyphZG0sLtjBygXKszWQ7sQAPWr0Ojx+vst+jOJjmFGpnTev5qt/Z9SqrWTnLlCifw=="
    },
    "f1-telemetry-client": {
      "version": "0.1.16",
      "resolved": "https://registry.npmjs.org/f1-telemetry-client/-/f1-telemetry-client-0.1.16.tgz",
      "integrity": "sha512-bPU5qnmYIZpmuM0iFulX0Nlmxkw3md4CGlH61dssBxQevusgG/iAPyCLJupBmp5GwtPIUFwbuCiu6+Lkc7FBCQ==",
      "requires": {
        "binary-parser": "^1.5.0",
        "struct": "^0.0.12"
      }
    },
    "follow-redirects": {
      "version": "1.13.1",
      "resolved": "https://registry.npmjs.org/follow-redirects/-/follow-redirects-1.13.1.tgz",
      "integrity": "sha512-SSG5xmZh1mkPGyKzjZP8zLjltIfpW32Y5QpdNJyjcfGxK3qo3NDDkZOZSFiGn1A6SclQxY9GzEwAHQ3dmYRWpg=="
    },
    "struct": {
      "version": "0.0.12",
      "resolved": "https://registry.npmjs.org/struct/-/struct-0.0.12.tgz",
      "integrity": "sha1-gzCvhyZk6aW9Z4ZkUkhXxQkIA4o="
    }
  }
}
