{
  "name": "test",
  "version": "1.0.0",
  "lockfileVersion": 1,
  "requires": true,
  "dependencies": {
    "axios": {
      "version": "0.19.2",
      "resolved": "https://registry.npmjs.org/axios/-/axios-0.19.2.tgz",
      "integrity": "sha512-fjgm5MvRHLhx+osE2xoekY70AhARk3a6hkN+3Io1jc00jtquGvxYlKlsFUhmUET0V5te6CcZI7lcv2Ym61mjHA==",
      "requires": {
        "follow-redirects": "1.5.10"
      }
    },
    "binary-parser": {
      "version": "1.6.1",
      "resolved": "https://registry.npmjs.org/binary-parser/-/binary-parser-1.6.1.tgz",
      "integrity": "sha512-/MCZKC3JNcY9+7oxS3alTyphZG0sLtjBygXKszWQ7sQAPWr0Ojx+vst+jOJjmFGpnTev5qt/Z9SqrWTnLlCifw=="
    },
    "debug": {
      "version": "3.1.0",
      "resolved": "https://registry.npmjs.org/debug/-/debug-3.1.0.tgz",
      "integrity": "sha512-OX8XqP7/1a9cqkxYw2yXss15f26NKWBpDXQd0/uK/KPqdQhxbPa994hnzjcE2VqQpDslf55723cKPUOGSmMY3g==",
      "requires": {
        "ms": "2.0.0"
      }
    },
    "f1-telemetry-client": {
      "version": "0.1.16",
      "resolved": "https://registry.npmjs.org/f1-telemetry-client/-/f1-telemetry-client-0.1.16.tgz",
      "integrity": "sha512-bPU5qnmYIZpmuM0iFulX0Nlmxkw3md4CGlH61dssBxQevusgG/iAPyCLJupBmp5GwtPIUFwbuCiu6+Lkc7FBCQ==",
      "requires": {
        "binary-parser": "^1.5.0",
        "struct": "^0.0.12"
      }
    },
    "follow-redirects": {
      "version": "1.5.10",
      "resolved": "https://registry.npmjs.org/follow-redirects/-/follow-redirects-1.5.10.tgz",
      "integrity": "sha512-0V5l4Cizzvqt5D44aTXbFZz+FtyXV1vrDN6qrelxtfYQKW0KO0W2T/hkE8xvGa/540LkZlkaUjO4ailYTFtHVQ==",
      "requires": {
        "debug": "=3.1.0"
      }
    },
    "ms": {
      "version": "2.0.0",
      "resolved": "https://registry.npmjs.org/ms/-/ms-2.0.0.tgz",
      "integrity": "sha1-VgiurfwAvmwpAd9fmGF4jeDVl8g="
    },
    "struct": {
      "version": "0.0.12",
      "resolved": "https://registry.npmjs.org/struct/-/struct-0.0.12.tgz",
      "integrity": "sha1-gzCvhyZk6aW9Z4ZkUkhXxQkIA4o="
    }
  }
}
